
Microsoft Visual Studio Solution File, Format Version 12.00
# Visual Studio 2015
Project("{FAE04EC0-301F-11D3-BF4B-00C04F79EFBC}") = "SpaceInvanders.CSharp.Plugins", "SpaceInvanders.CSharp.Plugins.csproj", "{D1F1D079-57D1-DEC5-C928-26DD3955DE6A}"
EndProject
Project("{FAE04EC0-301F-11D3-BF4B-00C04F79EFBC}") = "SpaceInvanders.CSharp", "SpaceInvanders.CSharp.csproj", "{621046D4-0F50-E04A-38E7-D310F6CA3024}"
EndProject
Project("{FAE04EC0-301F-11D3-BF4B-00C04F79EFBC}") = "SpaceInvanders.CSharp.Editor.Plugins", "SpaceInvanders.CSharp.Editor.Plugins.csproj", "{9432F02A-434C-AA47-CC7E-03108A4A133F}"
EndProject
Project("{FAE04EC0-301F-11D3-BF4B-00C04F79EFBC}") = "SpaceInvanders.CSharp.Editor", "SpaceInvanders.CSharp.Editor.csproj", "{6AD15F6A-EEFD-F697-32F5-8C7B1076E30A}"
EndProject
Global
	GlobalSection(SolutionConfigurationPlatforms) = preSolution
		Debug|Any CPU = Debug|Any CPU
		Release|Any CPU = Release|Any CPU
	EndGlobalSection
	GlobalSection(ProjectConfigurationPlatforms) = postSolution
		{D1F1D079-57D1-DEC5-C928-26DD3955DE6A}.Debug|Any CPU.ActiveCfg = Debug|Any CPU
		{D1F1D079-57D1-DEC5-C928-26DD3955DE6A}.Debug|Any CPU.Build.0 = Debug|Any CPU
		{D1F1D079-57D1-DEC5-C928-26DD3955DE6A}.Release|Any CPU.ActiveCfg = Release|Any CPU
		{D1F1D079-57D1-DEC5-C928-26DD3955DE6A}.Release|Any CPU.Build.0 = Release|Any CPU
		{621046D4-0F50-E04A-38E7-D310F6CA3024}.Debug|Any CPU.ActiveCfg = Debug|Any CPU
		{621046D4-0F50-E04A-38E7-D310F6CA3024}.Debug|Any CPU.Build.0 = Debug|Any CPU
		{621046D4-0F50-E04A-38E7-D310F6CA3024}.Release|Any CPU.ActiveCfg = Release|Any CPU
		{621046D4-0F50-E04A-38E7-D310F6CA3024}.Release|Any CPU.Build.0 = Release|Any CPU
		{9432F02A-434C-AA47-CC7E-03108A4A133F}.Debug|Any CPU.ActiveCfg = Debug|Any CPU
		{9432F02A-434C-AA47-CC7E-03108A4A133F}.Debug|Any CPU.Build.0 = Debug|Any CPU
		{9432F02A-434C-AA47-CC7E-03108A4A133F}.Release|Any CPU.ActiveCfg = Release|Any CPU
		{9432F02A-434C-AA47-CC7E-03108A4A133F}.Release|Any CPU.Build.0 = Release|Any CPU
		{6AD15F6A-EEFD-F697-32F5-8C7B1076E30A}.Debug|Any CPU.ActiveCfg = Debug|Any CPU
		{6AD15F6A-EEFD-F697-32F5-8C7B1076E30A}.Debug|Any CPU.Build.0 = Debug|Any CPU
		{6AD15F6A-EEFD-F697-32F5-8C7B1076E30A}.Release|Any CPU.ActiveCfg = Release|Any CPU
		{6AD15F6A-EEFD-F697-32F5-8C7B1076E30A}.Release|Any CPU.Build.0 = Release|Any CPU
	EndGlobalSection
	GlobalSection(SolutionProperties) = preSolution
		HideSolutionNode = FALSE
	EndGlobalSection
EndGlobal
